DEPENDENCIES
  golang (~> 1.5.0)
  mysql
  nginx (~> 0.101.5)

GRAPH
  bluepill (2.3.1)
    rsyslog (>= 0.0.0)
  build-essential (2.2.2)
  golang (1.5.0)
  mysql (6.0.20)
    smf (>= 0.0.0)
    yum-mysql-community (>= 0.0.0)
  nginx (0.101.6)
    bluepill (>= 0.0.0)
    build-essential (>= 0.0.0)
    ohai (~> 1.0.2)
    runit (>= 0.0.0)
    yum (>= 0.0.0)
  ohai (1.0.2)
  rbac (1.0.3)
  rsyslog (1.15.0)
  runit (1.5.18)
    build-essential (>= 0.0.0)
    yum (~> 3.0)
    yum-epel (>= 0.0.0)
  smf (2.2.6)
    rbac (>= 1.0.1)
  yum (3.5.4)
  yum-epel (0.6.0)
    yum (~> 3.0)
  yum-mysql-community (0.1.17)
    yum (>= 3.0)
